
Microsoft Visual Studio Solution File, Format Version 12.00
# Visual Studio Version 17
VisualStudioVersion = 17.7.34024.191
MinimumVisualStudioVersion = 10.0.40219.1
Project("{9A19103F-16F7-4668-BE54-9A1E7A4F7556}") = "BMWDomain", "BMWDomain\BMWDomain.csproj", "{E226E101-757F-4F45-8DDC-37DA0AEFCF54}"
EndProject
Project("{9A19103F-16F7-4668-BE54-9A1E7A4F7556}") = "BMW.BLL", "BMWBLL\BMW.BLL.csproj", "{9049791C-EC13-404C-8C40-66EC983A4BEC}"
EndProject
Project("{9A19103F-16F7-4668-BE54-9A1E7A4F7556}") = "BMW.Dal", "BMWDAL\BMW.Dal.csproj", "{9A57CDE7-998E-4B6A-A6C2-477BD6064ED6}"
EndProject
Project("{9A19103F-16F7-4668-BE54-9A1E7A4F7556}") = "BMWDALInterfacesAndDTOs", "BMWDALInterfacesAndDTOs\BMWDALInterfacesAndDTOs.csproj", "{8070B4EE-9B13-465D-8B9A-11B08AEB2EA9}"
EndProject
Project("{9A19103F-16F7-4668-BE54-9A1E7A4F7556}") = "BMW.ASP", "BWMASP.net\BMW.ASP.csproj", "{9C8D618E-52C7-44CC-9396-5BB5ECFF71B7}"
EndProject
Project("{9A19103F-16F7-4668-BE54-9A1E7A4F7556}") = "BMWTests", "BMWTests\BMWTests.csproj", "{10F952C7-A3EC-44CA-87BC-2C233DC3CC78}"
EndProject
Global
	GlobalSection(SolutionConfigurationPlatforms) = preSolution
		Debug|Any CPU = Debug|Any CPU
		Release|Any CPU = Release|Any CPU
	EndGlobalSection
	GlobalSection(ProjectConfigurationPlatforms) = postSolution
		{E226E101-757F-4F45-8DDC-37DA0AEFCF54}.Debug|Any CPU.ActiveCfg = Debug|Any CPU
		{E226E101-757F-4F45-8DDC-37DA0AEFCF54}.Debug|Any CPU.Build.0 = Debug|Any CPU
		{E226E101-757F-4F45-8DDC-37DA0AEFCF54}.Release|Any CPU.ActiveCfg = Release|Any CPU
		{E226E101-757F-4F45-8DDC-37DA0AEFCF54}.Release|Any CPU.Build.0 = Release|Any CPU
		{9049791C-EC13-404C-8C40-66EC983A4BEC}.Debug|Any CPU.ActiveCfg = Debug|Any CPU
		{9049791C-EC13-404C-8C40-66EC983A4BEC}.Debug|Any CPU.Build.0 = Debug|Any CPU
		{9049791C-EC13-404C-8C40-66EC983A4BEC}.Release|Any CPU.ActiveCfg = Release|Any CPU
		{9049791C-EC13-404C-8C40-66EC983A4BEC}.Release|Any CPU.Build.0 = Release|Any CPU
		{9A57CDE7-998E-4B6A-A6C2-477BD6064ED6}.Debug|Any CPU.ActiveCfg = Debug|Any CPU
		{9A57CDE7-998E-4B6A-A6C2-477BD6064ED6}.Debug|Any CPU.Build.0 = Debug|Any CPU
		{9A57CDE7-998E-4B6A-A6C2-477BD6064ED6}.Release|Any CPU.ActiveCfg = Release|Any CPU
		{9A57CDE7-998E-4B6A-A6C2-477BD6064ED6}.Release|Any CPU.Build.0 = Release|Any CPU
		{8070B4EE-9B13-465D-8B9A-11B08AEB2EA9}.Debug|Any CPU.ActiveCfg = Debug|Any CPU
		{8070B4EE-9B13-465D-8B9A-11B08AEB2EA9}.Debug|Any CPU.Build.0 = Debug|Any CPU
		{8070B4EE-9B13-465D-8B9A-11B08AEB2EA9}.Release|Any CPU.ActiveCfg = Release|Any CPU
		{8070B4EE-9B13-465D-8B9A-11B08AEB2EA9}.Release|Any CPU.Build.0 = Release|Any CPU
		{9C8D618E-52C7-44CC-9396-5BB5ECFF71B7}.Debug|Any CPU.ActiveCfg = Debug|Any CPU
		{9C8D618E-52C7-44CC-9396-5BB5ECFF71B7}.Debug|Any CPU.Build.0 = Debug|Any CPU
		{9C8D618E-52C7-44CC-9396-5BB5ECFF71B7}.Release|Any CPU.ActiveCfg = Release|Any CPU
		{9C8D618E-52C7-44CC-9396-5BB5ECFF71B7}.Release|Any CPU.Build.0 = Release|Any CPU
		{10F952C7-A3EC-44CA-87BC-2C233DC3CC78}.Debug|Any CPU.ActiveCfg = Debug|Any CPU
		{10F952C7-A3EC-44CA-87BC-2C233DC3CC78}.Debug|Any CPU.Build.0 = Debug|Any CPU
		{10F952C7-A3EC-44CA-87BC-2C233DC3CC78}.Release|Any CPU.ActiveCfg = Release|Any CPU
		{10F952C7-A3EC-44CA-87BC-2C233DC3CC78}.Release|Any CPU.Build.0 = Release|Any CPU
	EndGlobalSection
	GlobalSection(SolutionProperties) = preSolution
		HideSolutionNode = FALSE
	EndGlobalSection
	GlobalSection(ExtensibilityGlobals) = postSolution
		SolutionGuid = {76C20753-C8E1-45F5-8C5E-3049D352A36E}
	EndGlobalSection
EndGlobal
